
Microsoft Visual Studio Solution File, Format Version 12.00
# Visual Studio Version 16
VisualStudioVersion = 16.0.31313.79
MinimumVisualStudioVersion = 10.0.40219.1
Project("{9A19103F-16F7-4668-BE54-9A1E7A4F7556}") = "Animator", "Animator\Animator.csproj", "{0D286C50-DCC0-4141-9A07-2D99DA850CDA}"
	ProjectSection(ProjectDependencies) = postProject
		{7E22FBB7-983E-43C8-957D-97991DB40867} = {7E22FBB7-983E-43C8-957D-97991DB40867}
	EndProjectSection
EndProject
Project("{9A19103F-16F7-4668-BE54-9A1E7A4F7556}") = "Animator.Engine", "Animator.Engine\Animator.Engine.csproj", "{65D8978E-C11D-4852-823E-0C4389C28E25}"
EndProject
Project("{2150E333-8FDC-42A3-9474-1A3956D46DE8}") = "Snippets", "Snippets", "{ACF15C4C-5215-4E27-9A2C-07988F3C2315}"
	ProjectSection(SolutionItems) = preProject
		Animator.snippet = Animator.snippet
	EndProjectSection
EndProject
Project("{9A19103F-16F7-4668-BE54-9A1E7A4F7556}") = "Animator.Engine.Base", "Animator.Engine.Base\Animator.Engine.Base.csproj", "{FA6AEBB8-CA35-4DD0-8A8C-D1D15339486D}"
EndProject
Project("{9A19103F-16F7-4668-BE54-9A1E7A4F7556}") = "Animator.Engine.Base.Tests", "Animator.Engine.Base.Tests\Animator.Engine.Base.Tests.csproj", "{53309E6E-6356-404A-B4A9-205B1F6477E0}"
EndProject
Project("{9A19103F-16F7-4668-BE54-9A1E7A4F7556}") = "Animator.Engine.Tests", "Animator.Engine.Tests\Animator.Engine.Tests.csproj", "{AB437201-650A-42F0-ADC5-15E854CBBA3E}"
EndProject
Project("{8BC9CEB8-8B4A-11D0-8D11-00A0C91BC942}") = "Animator.Engine.Native", "Animator.Engine.Native\Animator.Engine.Native.vcxproj", "{7E22FBB7-983E-43C8-957D-97991DB40867}"
EndProject
Project("{9A19103F-16F7-4668-BE54-9A1E7A4F7556}") = "Animator.Documentation", "Animator.Documentation\Animator.Documentation.csproj", "{E2E6EDE8-5D32-4600-A241-4F59A17A2CDE}"
EndProject
Project("{2150E333-8FDC-42A3-9474-1A3956D46DE8}") = "Documentation", "Documentation", "{1C6A8591-C51C-439B-9BFE-1DAFD99CBBCE}"
	ProjectSection(SolutionItems) = preProject
		Animator.dot = Animator.dot
		Animator.dot.png = Animator.dot.png
		Animator.html = Animator.html
		BuildDiagram.bat = BuildDiagram.bat
		readme.md = readme.md
	EndProjectSection
EndProject
Project("{2150E333-8FDC-42A3-9474-1A3956D46DE8}") = "Animator.Editor", "Animator.Editor", "{E329D844-39A2-45C8-B092-36A0AB6ADF7C}"
EndProject
Project("{9A19103F-16F7-4668-BE54-9A1E7A4F7556}") = "Animator.Editor", "Animator.Editor\Animator.Editor\Animator.Editor.csproj", "{9AC0C70E-F219-46A4-B412-E76482BBA0BF}"
EndProject
Project("{9A19103F-16F7-4668-BE54-9A1E7A4F7556}") = "Animator.Editor.BusinessLogic", "Animator.Editor\Animator.Editor.BusinessLogic\Animator.Editor.BusinessLogic.csproj", "{9B5B8CFA-2554-4EE4-A30C-6155BA90AA3B}"
EndProject
Project("{9A19103F-16F7-4668-BE54-9A1E7A4F7556}") = "Animator.Editor.Common", "Animator.Editor\Animator.Editor.Common\Animator.Editor.Common.csproj", "{7D0638A4-DA4E-4805-8DF7-FF0DE9A6B7C3}"
EndProject
Project("{9A19103F-16F7-4668-BE54-9A1E7A4F7556}") = "Animator.Editor.Configuration", "Animator.Editor\Animator.Editor.Configuration\Animator.Editor.Configuration.csproj", "{0E81ED4B-5E3C-4237-B0FC-C7FE9261F487}"
EndProject
Project("{9A19103F-16F7-4668-BE54-9A1E7A4F7556}") = "Animator.Editor.Dependencies", "Animator.Editor\Animator.Editor.Dependencies\Animator.Editor.Dependencies.csproj", "{B77309AB-7FD4-457E-8CF7-B535EABDF9CA}"
EndProject
Project("{9A19103F-16F7-4668-BE54-9A1E7A4F7556}") = "ICSharpCode.AvalonEdit.Animator.Editor", "Animator.Editor\ICSharpCode.AvalonEdit.Dev.Editor\ICSharpCode.AvalonEdit.Animator.Editor.csproj", "{7FE69364-AB8F-4A9D-BDB9-970D320760E9}"
EndProject
Project("{2150E333-8FDC-42A3-9474-1A3956D46DE8}") = "Solution Items", "Solution Items", "{1B23C39A-D6B7-48EC-89EB-E543805D1E8C}"
	ProjectSection(SolutionItems) = preProject
		.editorconfig = .editorconfig
		global.json = global.json
	EndProjectSection
EndProject
Project("{FAE04EC0-301F-11D3-BF4B-00C04F79EFBC}") = "Animator.Editor.Resources", "Animator.Editor\Animator.Editor.Resources\Animator.Editor.Resources.csproj", "{3F8DFC31-A185-4288-BE96-D813DD9A835E}"
EndProject
Global
	GlobalSection(SolutionConfigurationPlatforms) = preSolution
		Debug|Any CPU = Debug|Any CPU
		Debug|x64 = Debug|x64
		Release|Any CPU = Release|Any CPU
		Release|x64 = Release|x64
	EndGlobalSection
	GlobalSection(ProjectConfigurationPlatforms) = postSolution
		{0D286C50-DCC0-4141-9A07-2D99DA850CDA}.Debug|Any CPU.ActiveCfg = Debug|x64
		{0D286C50-DCC0-4141-9A07-2D99DA850CDA}.Debug|x64.ActiveCfg = Debug|x64
		{0D286C50-DCC0-4141-9A07-2D99DA850CDA}.Debug|x64.Build.0 = Debug|x64
		{0D286C50-DCC0-4141-9A07-2D99DA850CDA}.Release|Any CPU.ActiveCfg = Release|x64
		{0D286C50-DCC0-4141-9A07-2D99DA850CDA}.Release|x64.ActiveCfg = Release|x64
		{0D286C50-DCC0-4141-9A07-2D99DA850CDA}.Release|x64.Build.0 = Release|x64
		{65D8978E-C11D-4852-823E-0C4389C28E25}.Debug|Any CPU.ActiveCfg = Debug|x64
		{65D8978E-C11D-4852-823E-0C4389C28E25}.Debug|x64.ActiveCfg = Debug|x64
		{65D8978E-C11D-4852-823E-0C4389C28E25}.Debug|x64.Build.0 = Debug|x64
		{65D8978E-C11D-4852-823E-0C4389C28E25}.Release|Any CPU.ActiveCfg = Release|x64
		{65D8978E-C11D-4852-823E-0C4389C28E25}.Release|x64.ActiveCfg = Release|x64
		{65D8978E-C11D-4852-823E-0C4389C28E25}.Release|x64.Build.0 = Release|x64
		{FA6AEBB8-CA35-4DD0-8A8C-D1D15339486D}.Debug|Any CPU.ActiveCfg = Debug|x64
		{FA6AEBB8-CA35-4DD0-8A8C-D1D15339486D}.Debug|x64.ActiveCfg = Debug|x64
		{FA6AEBB8-CA35-4DD0-8A8C-D1D15339486D}.Debug|x64.Build.0 = Debug|x64
		{FA6AEBB8-CA35-4DD0-8A8C-D1D15339486D}.Release|Any CPU.ActiveCfg = Release|x64
		{FA6AEBB8-CA35-4DD0-8A8C-D1D15339486D}.Release|x64.ActiveCfg = Release|x64
		{FA6AEBB8-CA35-4DD0-8A8C-D1D15339486D}.Release|x64.Build.0 = Release|x64
		{53309E6E-6356-404A-B4A9-205B1F6477E0}.Debug|Any CPU.ActiveCfg = Debug|x64
		{53309E6E-6356-404A-B4A9-205B1F6477E0}.Debug|x64.ActiveCfg = Debug|x64
		{53309E6E-6356-404A-B4A9-205B1F6477E0}.Debug|x64.Build.0 = Debug|x64
		{53309E6E-6356-404A-B4A9-205B1F6477E0}.Release|Any CPU.ActiveCfg = Release|x64
		{53309E6E-6356-404A-B4A9-205B1F6477E0}.Release|x64.ActiveCfg = Release|x64
		{53309E6E-6356-404A-B4A9-205B1F6477E0}.Release|x64.Build.0 = Release|x64
		{AB437201-650A-42F0-ADC5-15E854CBBA3E}.Debug|Any CPU.ActiveCfg = Debug|x64
		{AB437201-650A-42F0-ADC5-15E854CBBA3E}.Debug|x64.ActiveCfg = Debug|x64
		{AB437201-650A-42F0-ADC5-15E854CBBA3E}.Debug|x64.Build.0 = Debug|x64
		{AB437201-650A-42F0-ADC5-15E854CBBA3E}.Release|Any CPU.ActiveCfg = Release|x64
		{AB437201-650A-42F0-ADC5-15E854CBBA3E}.Release|x64.ActiveCfg = Release|x64
		{AB437201-650A-42F0-ADC5-15E854CBBA3E}.Release|x64.Build.0 = Release|x64
		{7E22FBB7-983E-43C8-957D-97991DB40867}.Debug|Any CPU.ActiveCfg = Debug|x64
		{7E22FBB7-983E-43C8-957D-97991DB40867}.Debug|x64.ActiveCfg = Debug|x64
		{7E22FBB7-983E-43C8-957D-97991DB40867}.Debug|x64.Build.0 = Debug|x64
		{7E22FBB7-983E-43C8-957D-97991DB40867}.Release|Any CPU.ActiveCfg = Release|x64
		{7E22FBB7-983E-43C8-957D-97991DB40867}.Release|x64.ActiveCfg = Release|x64
		{7E22FBB7-983E-43C8-957D-97991DB40867}.Release|x64.Build.0 = Release|x64
		{E2E6EDE8-5D32-4600-A241-4F59A17A2CDE}.Debug|Any CPU.ActiveCfg = Debug|Any CPU
		{E2E6EDE8-5D32-4600-A241-4F59A17A2CDE}.Debug|Any CPU.Build.0 = Debug|Any CPU
		{E2E6EDE8-5D32-4600-A241-4F59A17A2CDE}.Debug|x64.ActiveCfg = Debug|Any CPU
		{E2E6EDE8-5D32-4600-A241-4F59A17A2CDE}.Debug|x64.Build.0 = Debug|Any CPU
		{E2E6EDE8-5D32-4600-A241-4F59A17A2CDE}.Release|Any CPU.ActiveCfg = Release|Any CPU
		{E2E6EDE8-5D32-4600-A241-4F59A17A2CDE}.Release|Any CPU.Build.0 = Release|Any CPU
		{E2E6EDE8-5D32-4600-A241-4F59A17A2CDE}.Release|x64.ActiveCfg = Release|x64
		{E2E6EDE8-5D32-4600-A241-4F59A17A2CDE}.Release|x64.Build.0 = Release|x64
		{9AC0C70E-F219-46A4-B412-E76482BBA0BF}.Debug|Any CPU.ActiveCfg = Debug|Any CPU
		{9AC0C70E-F219-46A4-B412-E76482BBA0BF}.Debug|Any CPU.Build.0 = Debug|Any CPU
		{9AC0C70E-F219-46A4-B412-E76482BBA0BF}.Debug|x64.ActiveCfg = Debug|Any CPU
		{9AC0C70E-F219-46A4-B412-E76482BBA0BF}.Debug|x64.Build.0 = Debug|Any CPU
		{9AC0C70E-F219-46A4-B412-E76482BBA0BF}.Release|Any CPU.ActiveCfg = Release|Any CPU
		{9AC0C70E-F219-46A4-B412-E76482BBA0BF}.Release|Any CPU.Build.0 = Release|Any CPU
		{9AC0C70E-F219-46A4-B412-E76482BBA0BF}.Release|x64.ActiveCfg = Release|Any CPU
		{9AC0C70E-F219-46A4-B412-E76482BBA0BF}.Release|x64.Build.0 = Release|Any CPU
		{9B5B8CFA-2554-4EE4-A30C-6155BA90AA3B}.Debug|Any CPU.ActiveCfg = Debug|Any CPU
		{9B5B8CFA-2554-4EE4-A30C-6155BA90AA3B}.Debug|Any CPU.Build.0 = Debug|Any CPU
		{9B5B8CFA-2554-4EE4-A30C-6155BA90AA3B}.Debug|x64.ActiveCfg = Debug|Any CPU
		{9B5B8CFA-2554-4EE4-A30C-6155BA90AA3B}.Debug|x64.Build.0 = Debug|Any CPU
		{9B5B8CFA-2554-4EE4-A30C-6155BA90AA3B}.Release|Any CPU.ActiveCfg = Release|Any CPU
		{9B5B8CFA-2554-4EE4-A30C-6155BA90AA3B}.Release|Any CPU.Build.0 = Release|Any CPU
		{9B5B8CFA-2554-4EE4-A30C-6155BA90AA3B}.Release|x64.ActiveCfg = Release|x64
		{9B5B8CFA-2554-4EE4-A30C-6155BA90AA3B}.Release|x64.Build.0 = Release|x64
		{7D0638A4-DA4E-4805-8DF7-FF0DE9A6B7C3}.Debug|Any CPU.ActiveCfg = Debug|Any CPU
		{7D0638A4-DA4E-4805-8DF7-FF0DE9A6B7C3}.Debug|Any CPU.Build.0 = Debug|Any CPU
		{7D0638A4-DA4E-4805-8DF7-FF0DE9A6B7C3}.Debug|x64.ActiveCfg = Debug|Any CPU
		{7D0638A4-DA4E-4805-8DF7-FF0DE9A6B7C3}.Debug|x64.Build.0 = Debug|Any CPU
		{7D0638A4-DA4E-4805-8DF7-FF0DE9A6B7C3}.Release|Any CPU.ActiveCfg = Release|Any CPU
		{7D0638A4-DA4E-4805-8DF7-FF0DE9A6B7C3}.Release|Any CPU.Build.0 = Release|Any CPU
		{7D0638A4-DA4E-4805-8DF7-FF0DE9A6B7C3}.Release|x64.ActiveCfg = Release|x64
		{7D0638A4-DA4E-4805-8DF7-FF0DE9A6B7C3}.Release|x64.Build.0 = Release|x64
		{0E81ED4B-5E3C-4237-B0FC-C7FE9261F487}.Debug|Any CPU.ActiveCfg = Debug|Any CPU
		{0E81ED4B-5E3C-4237-B0FC-C7FE9261F487}.Debug|Any CPU.Build.0 = Debug|Any CPU
		{0E81ED4B-5E3C-4237-B0FC-C7FE9261F487}.Debug|x64.ActiveCfg = Debug|Any CPU
		{0E81ED4B-5E3C-4237-B0FC-C7FE9261F487}.Debug|x64.Build.0 = Debug|Any CPU
		{0E81ED4B-5E3C-4237-B0FC-C7FE9261F487}.Release|Any CPU.ActiveCfg = Release|Any CPU
		{0E81ED4B-5E3C-4237-B0FC-C7FE9261F487}.Release|Any CPU.Build.0 = Release|Any CPU
		{0E81ED4B-5E3C-4237-B0FC-C7FE9261F487}.Release|x64.ActiveCfg = Release|x64
		{0E81ED4B-5E3C-4237-B0FC-C7FE9261F487}.Release|x64.Build.0 = Release|x64
		{B77309AB-7FD4-457E-8CF7-B535EABDF9CA}.Debug|Any CPU.ActiveCfg = Debug|Any CPU
		{B77309AB-7FD4-457E-8CF7-B535EABDF9CA}.Debug|Any CPU.Build.0 = Debug|Any CPU
		{B77309AB-7FD4-457E-8CF7-B535EABDF9CA}.Debug|x64.ActiveCfg = Debug|Any CPU
		{B77309AB-7FD4-457E-8CF7-B535EABDF9CA}.Debug|x64.Build.0 = Debug|Any CPU
		{B77309AB-7FD4-457E-8CF7-B535EABDF9CA}.Release|Any CPU.ActiveCfg = Release|Any CPU
		{B77309AB-7FD4-457E-8CF7-B535EABDF9CA}.Release|Any CPU.Build.0 = Release|Any CPU
		{B77309AB-7FD4-457E-8CF7-B535EABDF9CA}.Release|x64.ActiveCfg = Release|x64
		{B77309AB-7FD4-457E-8CF7-B535EABDF9CA}.Release|x64.Build.0 = Release|x64
		{7FE69364-AB8F-4A9D-BDB9-970D320760E9}.Debug|Any CPU.ActiveCfg = Debug|Any CPU
		{7FE69364-AB8F-4A9D-BDB9-970D320760E9}.Debug|Any CPU.Build.0 = Debug|Any CPU
		{7FE69364-AB8F-4A9D-BDB9-970D320760E9}.Debug|x64.ActiveCfg = Debug|Any CPU
		{7FE69364-AB8F-4A9D-BDB9-970D320760E9}.Debug|x64.Build.0 = Debug|Any CPU
		{7FE69364-AB8F-4A9D-BDB9-970D320760E9}.Release|Any CPU.ActiveCfg = Release|Any CPU
		{7FE69364-AB8F-4A9D-BDB9-970D320760E9}.Release|Any CPU.Build.0 = Release|Any CPU
		{7FE69364-AB8F-4A9D-BDB9-970D320760E9}.Release|x64.ActiveCfg = Release|x64
		{7FE69364-AB8F-4A9D-BDB9-970D320760E9}.Release|x64.Build.0 = Release|x64
		{3F8DFC31-A185-4288-BE96-D813DD9A835E}.Debug|Any CPU.ActiveCfg = Debug|Any CPU
		{3F8DFC31-A185-4288-BE96-D813DD9A835E}.Debug|Any CPU.Build.0 = Debug|Any CPU
		{3F8DFC31-A185-4288-BE96-D813DD9A835E}.Debug|x64.ActiveCfg = Debug|Any CPU
		{3F8DFC31-A185-4288-BE96-D813DD9A835E}.Debug|x64.Build.0 = Debug|Any CPU
		{3F8DFC31-A185-4288-BE96-D813DD9A835E}.Release|Any CPU.ActiveCfg = Release|Any CPU
		{3F8DFC31-A185-4288-BE96-D813DD9A835E}.Release|Any CPU.Build.0 = Release|Any CPU
		{3F8DFC31-A185-4288-BE96-D813DD9A835E}.Release|x64.ActiveCfg = Release|x64
		{3F8DFC31-A185-4288-BE96-D813DD9A835E}.Release|x64.Build.0 = Release|x64
	EndGlobalSection
	GlobalSection(SolutionProperties) = preSolution
		HideSolutionNode = FALSE
	EndGlobalSection
	GlobalSection(NestedProjects) = preSolution
		{9AC0C70E-F219-46A4-B412-E76482BBA0BF} = {E329D844-39A2-45C8-B092-36A0AB6ADF7C}
		{9B5B8CFA-2554-4EE4-A30C-6155BA90AA3B} = {E329D844-39A2-45C8-B092-36A0AB6ADF7C}
		{7D0638A4-DA4E-4805-8DF7-FF0DE9A6B7C3} = {E329D844-39A2-45C8-B092-36A0AB6ADF7C}
		{0E81ED4B-5E3C-4237-B0FC-C7FE9261F487} = {E329D844-39A2-45C8-B092-36A0AB6ADF7C}
		{B77309AB-7FD4-457E-8CF7-B535EABDF9CA} = {E329D844-39A2-45C8-B092-36A0AB6ADF7C}
		{7FE69364-AB8F-4A9D-BDB9-970D320760E9} = {E329D844-39A2-45C8-B092-36A0AB6ADF7C}
		{3F8DFC31-A185-4288-BE96-D813DD9A835E} = {E329D844-39A2-45C8-B092-36A0AB6ADF7C}
	EndGlobalSection
	GlobalSection(ExtensibilityGlobals) = postSolution
		SolutionGuid = {EBAD0220-E82B-4D4F-8C4B-71FBABED086B}
	EndGlobalSection
EndGlobal
