
Microsoft Visual Studio Solution File, Format Version 12.00
# Visual Studio Version 16
VisualStudioVersion = 16.0.31112.23
MinimumVisualStudioVersion = 10.0.40219.1
Project("{9A19103F-16F7-4668-BE54-9A1E7A4F7556}") = "Animator", "Animator\Animator.csproj", "{0D286C50-DCC0-4141-9A07-2D99DA850CDA}"
	ProjectSection(ProjectDependencies) = postProject
		{7E22FBB7-983E-43C8-957D-97991DB40867} = {7E22FBB7-983E-43C8-957D-97991DB40867}
	EndProjectSection
EndProject
Project("{9A19103F-16F7-4668-BE54-9A1E7A4F7556}") = "Animator.Engine", "Animator.Engine\Animator.Engine.csproj", "{65D8978E-C11D-4852-823E-0C4389C28E25}"
EndProject
Project("{2150E333-8FDC-42A3-9474-1A3956D46DE8}") = "Snippets", "Snippets", "{ACF15C4C-5215-4E27-9A2C-07988F3C2315}"
	ProjectSection(SolutionItems) = preProject
		Animator.snippet = Animator.snippet
	EndProjectSection
EndProject
Project("{9A19103F-16F7-4668-BE54-9A1E7A4F7556}") = "Animator.Engine.Base", "Animator.Engine.Base\Animator.Engine.Base.csproj", "{FA6AEBB8-CA35-4DD0-8A8C-D1D15339486D}"
EndProject
Project("{9A19103F-16F7-4668-BE54-9A1E7A4F7556}") = "Animator.Engine.Base.Tests", "Animator.Engine.Base.Tests\Animator.Engine.Base.Tests.csproj", "{53309E6E-6356-404A-B4A9-205B1F6477E0}"
EndProject
Project("{9A19103F-16F7-4668-BE54-9A1E7A4F7556}") = "Animator.Engine.Tests", "Animator.Engine.Tests\Animator.Engine.Tests.csproj", "{AB437201-650A-42F0-ADC5-15E854CBBA3E}"
EndProject
Project("{8BC9CEB8-8B4A-11D0-8D11-00A0C91BC942}") = "Animator.Engine.Native", "Animator.Engine.Native\Animator.Engine.Native.vcxproj", "{7E22FBB7-983E-43C8-957D-97991DB40867}"
EndProject
Global
	GlobalSection(SolutionConfigurationPlatforms) = preSolution
		Debug|x64 = Debug|x64
		Release|x64 = Release|x64
	EndGlobalSection
	GlobalSection(ProjectConfigurationPlatforms) = postSolution
		{0D286C50-DCC0-4141-9A07-2D99DA850CDA}.Debug|x64.ActiveCfg = Debug|x64
		{0D286C50-DCC0-4141-9A07-2D99DA850CDA}.Debug|x64.Build.0 = Debug|x64
		{0D286C50-DCC0-4141-9A07-2D99DA850CDA}.Release|x64.ActiveCfg = Release|x64
		{0D286C50-DCC0-4141-9A07-2D99DA850CDA}.Release|x64.Build.0 = Release|x64
		{65D8978E-C11D-4852-823E-0C4389C28E25}.Debug|x64.ActiveCfg = Debug|x64
		{65D8978E-C11D-4852-823E-0C4389C28E25}.Debug|x64.Build.0 = Debug|x64
		{65D8978E-C11D-4852-823E-0C4389C28E25}.Release|x64.ActiveCfg = Release|x64
		{65D8978E-C11D-4852-823E-0C4389C28E25}.Release|x64.Build.0 = Release|x64
		{FA6AEBB8-CA35-4DD0-8A8C-D1D15339486D}.Debug|x64.ActiveCfg = Debug|x64
		{FA6AEBB8-CA35-4DD0-8A8C-D1D15339486D}.Debug|x64.Build.0 = Debug|x64
		{FA6AEBB8-CA35-4DD0-8A8C-D1D15339486D}.Release|x64.ActiveCfg = Release|x64
		{FA6AEBB8-CA35-4DD0-8A8C-D1D15339486D}.Release|x64.Build.0 = Release|x64
		{53309E6E-6356-404A-B4A9-205B1F6477E0}.Debug|x64.ActiveCfg = Debug|x64
		{53309E6E-6356-404A-B4A9-205B1F6477E0}.Debug|x64.Build.0 = Debug|x64
		{53309E6E-6356-404A-B4A9-205B1F6477E0}.Release|x64.ActiveCfg = Release|x64
		{53309E6E-6356-404A-B4A9-205B1F6477E0}.Release|x64.Build.0 = Release|x64
		{AB437201-650A-42F0-ADC5-15E854CBBA3E}.Debug|x64.ActiveCfg = Debug|x64
		{AB437201-650A-42F0-ADC5-15E854CBBA3E}.Debug|x64.Build.0 = Debug|x64
		{AB437201-650A-42F0-ADC5-15E854CBBA3E}.Release|x64.ActiveCfg = Release|x64
		{AB437201-650A-42F0-ADC5-15E854CBBA3E}.Release|x64.Build.0 = Release|x64
		{7E22FBB7-983E-43C8-957D-97991DB40867}.Debug|x64.ActiveCfg = Debug|x64
		{7E22FBB7-983E-43C8-957D-97991DB40867}.Debug|x64.Build.0 = Debug|x64
		{7E22FBB7-983E-43C8-957D-97991DB40867}.Release|x64.ActiveCfg = Release|x64
		{7E22FBB7-983E-43C8-957D-97991DB40867}.Release|x64.Build.0 = Release|x64
	EndGlobalSection
	GlobalSection(SolutionProperties) = preSolution
		HideSolutionNode = FALSE
	EndGlobalSection
	GlobalSection(ExtensibilityGlobals) = postSolution
		SolutionGuid = {EBAD0220-E82B-4D4F-8C4B-71FBABED086B}
	EndGlobalSection
EndGlobal
